
Microsoft Visual Studio Solution File, Format Version 12.00
# Visual Studio Version 17
VisualStudioVersion = 17.11.35222.181
MinimumVisualStudioVersion = 10.0.40219.1
Project("{FAE04EC0-301F-11D3-BF4B-00C04F79EFBC}") = "Tugas Akhir PBO", "Tugas Akhir PBO\Tugas Akhir PBO.csproj", "{B395FD32-8F70-4144-973A-19E193305699}"
EndProject
Global
	GlobalSection(SolutionConfigurationPlatforms) = preSolution
		Debug|Any CPU = Debug|Any CPU
		Release|Any CPU = Release|Any CPU
	EndGlobalSection
	GlobalSection(ProjectConfigurationPlatforms) = postSolution
		{B395FD32-8F70-4144-973A-19E193305699}.Debug|Any CPU.ActiveCfg = Debug|Any CPU
		{B395FD32-8F70-4144-973A-19E193305699}.Debug|Any CPU.Build.0 = Debug|Any CPU
		{B395FD32-8F70-4144-973A-19E193305699}.Release|Any CPU.ActiveCfg = Release|Any CPU
		{B395FD32-8F70-4144-973A-19E193305699}.Release|Any CPU.Build.0 = Release|Any CPU
	EndGlobalSection
	GlobalSection(SolutionProperties) = preSolution
		HideSolutionNode = FALSE
	EndGlobalSection
	GlobalSection(ExtensibilityGlobals) = postSolution
		SolutionGuid = {7FADE25A-EDB3-4AFE-AC11-7E759A033061}
	EndGlobalSection
EndGlobal
